lockfileVersion: '9.0'

settings:
  autoInstallPeers: true
  excludeLinksFromLockfile: false

importers:

  .:
    dependencies:
      '@prisma/extension-accelerate':
        specifier: ^2.0.2
        version: 2.0.2(@prisma/client@6.14.0)
      react-icons:
        specifier: ^5.5.0
        version: 5.5.0(react@19.1.1)

packages:

  '@prisma/client@6.14.0':
    resolution: {integrity: sha512-8E/Nk3eL5g7RQIg/LUj1ICyDmhD053STjxrPxUtCRybs2s/2sOEcx9NpITuAOPn07HEpWBfhAVe1T/HYWXUPOw==}
    engines: {node: '>=18.18'}
    peerDependencies:
      prisma: '*'
      typescript: '>=5.1.0'
    peerDependenciesMeta:
      prisma:
        optional: true
      typescript:
        optional: true

  '@prisma/extension-accelerate@2.0.2':
    resolution: {integrity: sha512-yZK6/k7uOEFpEsKoZezQS1CKDboPtBCQ0NyI70e1Un8tDiRgg80iWGyjsJmRpps2ZIut3MroHP+dyR3wVKh8lA==}
    engines: {node: '>=18'}
    peerDependencies:
      '@prisma/client': '>=4.16.1'

  react-icons@5.5.0:
    resolution: {integrity: sha512-MEFcXdkP3dLo8uumGI5xN3lDFNsRtrjbOEKDLD7yv76v4wpnEq2Lt2qeHaQOr34I/wPN3s3+N08WkQ+CW37Xiw==}
    peerDependencies:
      react: '*'

  react@19.1.1:
    resolution: {integrity: sha512-w8nqGImo45dmMIfljjMwOGtbmC/mk4CMYhWIicdSflH91J9TyCyczcPFXJzrZ/ZXcgGRFeP6BU0BEJTw6tZdfQ==}
    engines: {node: '>=0.10.0'}

snapshots:

  '@prisma/client@6.14.0': {}

  '@prisma/extension-accelerate@2.0.2(@prisma/client@6.14.0)':
    dependencies:
      '@prisma/client': 6.14.0

  react-icons@5.5.0(react@19.1.1):
    dependencies:
      react: 19.1.1

  react@19.1.1: {}
